// !$*UTF8*$!
{
	archiveVersion = 1;
	classes = {
	};
	objectVersion = 46;
	objects = {

/* Begin PBXBuildFile section */
		E49D79D525C444C1A2499B15 /* libPods.a in Frameworks */ = {isa = PBXBuildFile; fileRef = 5EB97B9ADB214257AAEB4E4F /* libPods.a */; };
		E73C430816DE4B4A0072130B /* KKITunesBookProduct.m in Sources */ = {isa = PBXBuildFile; fileRef = E73C430716DE4B4A0072130B /* KKITunesBookProduct.m */; };
		E748141416DBA170009230F0 /* KKITunesSearch.m in Sources */ = {isa = PBXBuildFile; fileRef = E748140616DBA170009230F0 /* KKITunesSearch.m */; };
		E748141616DBA170009230F0 /* KKITunesAppProduct.m in Sources */ = {isa = PBXBuildFile; fileRef = E748140D16DBA170009230F0 /* KKITunesAppProduct.m */; };
		E748141716DBA170009230F0 /* KKITunesMusicProduct.m in Sources */ = {isa = PBXBuildFile; fileRef = E748140F16DBA170009230F0 /* KKITunesMusicProduct.m */; };
		E748141816DBA170009230F0 /* KKITunesProduct.m in Sources */ = {isa = PBXBuildFile; fileRef = E748141116DBA170009230F0 /* KKITunesProduct.m */; };
		E748141916DBA170009230F0 /* KKITunesProductsCollection.m in Sources */ = {isa = PBXBuildFile; fileRef = E748141316DBA170009230F0 /* KKITunesProductsCollection.m */; };
		E748143D16DD2110009230F0 /* KKITunesMovieProduct.m in Sources */ = {isa = PBXBuildFile; fileRef = E748143C16DD210F009230F0 /* KKITunesMovieProduct.m */; };
		E7B3080F16CD3A6200AFB34D /* Foundation.framework in Frameworks */ = {isa = PBXBuildFile; fileRef = E7B3080E16CD3A6200AFB34D /* Foundation.framework */; };
		E7B3081E16CD3A6200AFB34D /* SenTestingKit.framework in Frameworks */ = {isa = PBXBuildFile; fileRef = E7B3081D16CD3A6200AFB34D /* SenTestingKit.framework */; };
		E7B3082016CD3A6200AFB34D /* UIKit.framework in Frameworks */ = {isa = PBXBuildFile; fileRef = E7B3081F16CD3A6200AFB34D /* UIKit.framework */; };
		E7B3082116CD3A6200AFB34D /* Foundation.framework in Frameworks */ = {isa = PBXBuildFile; fileRef = E7B3080E16CD3A6200AFB34D /* Foundation.framework */; };
		E7B3082416CD3A6200AFB34D /* libKKITunesSearch.a in Frameworks */ = {isa = PBXBuildFile; fileRef = E7B3080B16CD3A6200AFB34D /* libKKITunesSearch.a */; };
		E7B3082A16CD3A6200AFB34D /* InfoPlist.strings in Resources */ = {isa = PBXBuildFile; fileRef = E7B3082816CD3A6200AFB34D /* InfoPlist.strings */; };
		E7B3082D16CD3A6200AFB34D /* KKITunesSearchTests.m in Sources */ = {isa = PBXBuildFile; fileRef = E7B3082C16CD3A6200AFB34D /* KKITunesSearchTests.m */; };
/* End PBXBuildFile section */

/* Begin PBXContainerItemProxy section */
		E7B3082216CD3A6200AFB34D /* PBXContainerItemProxy */ = {
			isa = PBXContainerItemProxy;
			containerPortal = E7B3080216CD3A6200AFB34D /* Project object */;
			proxyType = 1;
			remoteGlobalIDString = E7B3080A16CD3A6200AFB34D;
			remoteInfo = KKITunesSearch;
		};
/* End PBXContainerItemProxy section */

/* Begin PBXCopyFilesBuildPhase section */
		E7B3080916CD3A6200AFB34D /* CopyFiles */ = {
			isa = PBXCopyFilesBuildPhase;
			buildActionMask = 2147483647;
			dstPath = "include/${PRODUCT_NAME}";
			dstSubfolderSpec = 16;
			files = (
			);
			runOnlyForDeploymentPostprocessing = 0;
		};
/* End PBXCopyFilesBuildPhase section */

/* Begin PBXFileReference section */
		5EB97B9ADB214257AAEB4E4F /* libPods.a */ = {isa = PBXFileReference; explicitFileType = archive.ar; includeInIndex = 0; path = libPods.a; sourceTree = BUILT_PRODUCTS_DIR; };
		5F8113C42E954DF99FF85436 /* Pods.xcconfig */ = {isa = PBXFileReference; includeInIndex = 1; lastKnownFileType = text.xcconfig; name = Pods.xcconfig; path = Pods/Pods.xcconfig; sourceTree = SOURCE_ROOT; };
		E7129E8616D6374A002AD763 /* Podfile */ = {isa = PBXFileReference; fileEncoding = 4; lastKnownFileType = text; path = Podfile; sourceTree = "<group>"; };
		E71AC18316CE7C5E00605B29 /* KKITunesSearch-Prefix.pch */ = {isa = PBXFileReference; fileEncoding = 4; lastKnownFileType = sourcecode.c.h; path = "KKITunesSearch-Prefix.pch"; sourceTree = SOURCE_ROOT; };
		E73C430616DE4B4A0072130B /* KKITunesBookProduct.h */ = {isa = PBXFileReference; fileEncoding = 4; lastKnownFileType = sourcecode.c.h; path = KKITunesBookProduct.h; sourceTree = "<group>"; };
		E73C430716DE4B4A0072130B /* KKITunesBookProduct.m */ = {isa = PBXFileReference; fileEncoding = 4; lastKnownFileType = sourcecode.c.objc; path = KKITunesBookProduct.m; sourceTree = "<group>"; };
		E73C430E16DF79E30072130B /* KKITunesSearch.podspec */ = {isa = PBXFileReference; fileEncoding = 4; lastKnownFileType = text; path = KKITunesSearch.podspec; sourceTree = "<group>"; };
		E73C439116DF7D6D0072130B /* README.md */ = {isa = PBXFileReference; fileEncoding = 4; lastKnownFileType = text; path = README.md; sourceTree = "<group>"; };
		E748140516DBA170009230F0 /* KKITunesSearch.h */ = {isa = PBXFileReference; fileEncoding = 4; lastKnownFileType = sourcecode.c.h; path = KKITunesSearch.h; sourceTree = "<group>"; };
		E748140616DBA170009230F0 /* KKITunesSearch.m */ = {isa = PBXFileReference; fileEncoding = 4; lastKnownFileType = sourcecode.c.objc; path = KKITunesSearch.m; sourceTree = "<group>"; };
		E748140816DBA170009230F0 /* KKITunesViewController.h */ = {isa = PBXFileReference; fileEncoding = 4; lastKnownFileType = sourcecode.c.h; path = KKITunesViewController.h; sourceTree = "<group>"; };
		E748140916DBA170009230F0 /* KKITunesViewController.m */ = {isa = PBXFileReference; fileEncoding = 4; lastKnownFileType = sourcecode.c.objc; path = KKITunesViewController.m; sourceTree = "<group>"; };
		E748140A16DBA170009230F0 /* KKITunesViewController.xib */ = {isa = PBXFileReference; fileEncoding = 4; lastKnownFileType = file.xib; path = KKITunesViewController.xib; sourceTree = "<group>"; };
		E748140C16DBA170009230F0 /* KKITunesAppProduct.h */ = {isa = PBXFileReference; fileEncoding = 4; lastKnownFileType = sourcecode.c.h; path = KKITunesAppProduct.h; sourceTree = "<group>"; };
		E748140D16DBA170009230F0 /* KKITunesAppProduct.m */ = {isa = PBXFileReference; fileEncoding = 4; lastKnownFileType = sourcecode.c.objc; path = KKITunesAppProduct.m; sourceTree = "<group>"; };
		E748140E16DBA170009230F0 /* KKITunesMusicProduct.h */ = {isa = PBXFileReference; fileEncoding = 4; lastKnownFileType = sourcecode.c.h; path = KKITunesMusicProduct.h; sourceTree = "<group>"; };
		E748140F16DBA170009230F0 /* KKITunesMusicProduct.m */ = {isa = PBXFileReference; fileEncoding = 4; lastKnownFileType = sourcecode.c.objc; path = KKITunesMusicProduct.m; sourceTree = "<group>"; };
		E748141016DBA170009230F0 /* KKITunesProduct.h */ = {isa = PBXFileReference; fileEncoding = 4; lastKnownFileType = sourcecode.c.h; path = KKITunesProduct.h; sourceTree = "<group>"; };
		E748141116DBA170009230F0 /* KKITunesProduct.m */ = {isa = PBXFileReference; fileEncoding = 4; lastKnownFileType = sourcecode.c.objc; path = KKITunesProduct.m; sourceTree = "<group>"; };
		E748141216DBA170009230F0 /* KKITunesProductsCollection.h */ = {isa = PBXFileReference; fileEncoding = 4; lastKnownFileType = sourcecode.c.h; path = KKITunesProductsCollection.h; sourceTree = "<group>"; };
		E748141316DBA170009230F0 /* KKITunesProductsCollection.m */ = {isa = PBXFileReference; fileEncoding = 4; lastKnownFileType = sourcecode.c.objc; path = KKITunesProductsCollection.m; sourceTree = "<group>"; };
		E748143816DBA9D8009230F0 /* StoreKit.framework */ = {isa = PBXFileReference; lastKnownFileType = wrapper.framework; name = StoreKit.framework; path = System/Library/Frameworks/StoreKit.framework; sourceTree = SDKROOT; };
		E748143B16DD210F009230F0 /* KKITunesMovieProduct.h */ = {isa = PBXFileReference; fileEncoding = 4; lastKnownFileType = sourcecode.c.h; path = KKITunesMovieProduct.h; sourceTree = "<group>"; };
		E748143C16DD210F009230F0 /* KKITunesMovieProduct.m */ = {isa = PBXFileReference; fileEncoding = 4; lastKnownFileType = sourcecode.c.objc; path = KKITunesMovieProduct.m; sourceTree = "<group>"; };
		E791851B16E4FF8C00761D75 /* placeholder.png */ = {isa = PBXFileReference; lastKnownFileType = image.png; path = placeholder.png; sourceTree = "<group>"; };
		E7B3080B16CD3A6200AFB34D /* libKKITunesSearch.a */ = {isa = PBXFileReference; explicitFileType = archive.ar; includeInIndex = 0; path = libKKITunesSearch.a; sourceTree = BUILT_PRODUCTS_DIR; };
		E7B3080E16CD3A6200AFB34D /* Foundation.framework */ = {isa = PBXFileReference; lastKnownFileType = wrapper.framework; name = Foundation.framework; path = System/Library/Frameworks/Foundation.framework; sourceTree = SDKROOT; };
		E7B3081C16CD3A6200AFB34D /* KKITunesSearchTests.octest */ = {isa = PBXFileReference; explicitFileType = wrapper.cfbundle; includeInIndex = 0; path = KKITunesSearchTests.octest; sourceTree = BUILT_PRODUCTS_DIR; };
		E7B3081D16CD3A6200AFB34D /* SenTestingKit.framework */ = {isa = PBXFileReference; lastKnownFileType = wrapper.framework; name = SenTestingKit.framework; path = Library/Frameworks/SenTestingKit.framework; sourceTree = DEVELOPER_DIR; };
		E7B3081F16CD3A6200AFB34D /* UIKit.framework */ = {isa = PBXFileReference; lastKnownFileType = wrapper.framework; name = UIKit.framework; path = Library/Frameworks/UIKit.framework; sourceTree = DEVELOPER_DIR; };
		E7B3082716CD3A6200AFB34D /* KKITunesSearchTests-Info.plist */ = {isa = PBXFileReference; lastKnownFileType = text.plist.xml; path = "KKITunesSearchTests-Info.plist"; sourceTree = "<group>"; };
		E7B3082916CD3A6200AFB34D /* en */ = {isa = PBXFileReference; lastKnownFileType = text.plist.strings; name = en; path = en.lproj/InfoPlist.strings; sourceTree = "<group>"; };
		E7B3082B16CD3A6200AFB34D /* KKITunesSearchTests.h */ = {isa = PBXFileReference; lastKnownFileType = sourcecode.c.h; path = KKITunesSearchTests.h; sourceTree = "<group>"; };
		E7B3082C16CD3A6200AFB34D /* KKITunesSearchTests.m */ = {isa = PBXFileReference; lastKnownFileType = sourcecode.c.objc; path = KKITunesSearchTests.m; sourceTree = "<group>"; };
/* End PBXFileReference section */

/* Begin PBXFrameworksBuildPhase section */
		E7B3080816CD3A6200AFB34D /* Frameworks */ = {
			isa = PBXFrameworksBuildPhase;
			buildActionMask = 2147483647;
			files = (
				E7B3080F16CD3A6200AFB34D /* Foundation.framework in Frameworks */,
				E49D79D525C444C1A2499B15 /* libPods.a in Frameworks */,
			);
			runOnlyForDeploymentPostprocessing = 0;
		};
		E7B3081816CD3A6200AFB34D /* Frameworks */ = {
			isa = PBXFrameworksBuildPhase;
			buildActionMask = 2147483647;
			files = (
				E7B3081E16CD3A6200AFB34D /* SenTestingKit.framework in Frameworks */,
				E7B3082016CD3A6200AFB34D /* UIKit.framework in Frameworks */,
				E7B3082116CD3A6200AFB34D /* Foundation.framework in Frameworks */,
				E7B3082416CD3A6200AFB34D /* libKKITunesSearch.a in Frameworks */,
			);
			runOnlyForDeploymentPostprocessing = 0;
		};
/* End PBXFrameworksBuildPhase section */

/* Begin PBXGroup section */
		E748140416DBA170009230F0 /* Classes */ = {
			isa = PBXGroup;
			children = (
				E748140516DBA170009230F0 /* KKITunesSearch.h */,
				E748140616DBA170009230F0 /* KKITunesSearch.m */,
			);
			path = Classes;
			sourceTree = "<group>";
		};
		E748140716DBA170009230F0 /* Controllers */ = {
			isa = PBXGroup;
			children = (
				E748140816DBA170009230F0 /* KKITunesViewController.h */,
				E748140916DBA170009230F0 /* KKITunesViewController.m */,
				E748140A16DBA170009230F0 /* KKITunesViewController.xib */,
			);
			path = Controllers;
			sourceTree = "<group>";
		};
		E748140B16DBA170009230F0 /* Models */ = {
			isa = PBXGroup;
			children = (
				E748141016DBA170009230F0 /* KKITunesProduct.h */,
				E748141116DBA170009230F0 /* KKITunesProduct.m */,
				E748140C16DBA170009230F0 /* KKITunesAppProduct.h */,
				E748140D16DBA170009230F0 /* KKITunesAppProduct.m */,
				E748140E16DBA170009230F0 /* KKITunesMusicProduct.h */,
				E748140F16DBA170009230F0 /* KKITunesMusicProduct.m */,
				E748143B16DD210F009230F0 /* KKITunesMovieProduct.h */,
				E748143C16DD210F009230F0 /* KKITunesMovieProduct.m */,
				E73C430616DE4B4A0072130B /* KKITunesBookProduct.h */,
				E73C430716DE4B4A0072130B /* KKITunesBookProduct.m */,
				E748141216DBA170009230F0 /* KKITunesProductsCollection.h */,
				E748141316DBA170009230F0 /* KKITunesProductsCollection.m */,
			);
			path = Models;
			sourceTree = "<group>";
		};
		E791851A16E4FF8C00761D75 /* Resources */ = {
			isa = PBXGroup;
			children = (
				E791851B16E4FF8C00761D75 /* placeholder.png */,
			);
			path = Resources;
			sourceTree = "<group>";
		};
		E7B3080016CD3A6200AFB34D = {
			isa = PBXGroup;
			children = (
				E73C430E16DF79E30072130B /* KKITunesSearch.podspec */,
				E73C439116DF7D6D0072130B /* README.md */,
				E7B3081016CD3A6200AFB34D /* KKITunesSearch */,
				E7B3082516CD3A6200AFB34D /* KKITunesSearchTests */,
				E7B3080D16CD3A6200AFB34D /* Frameworks */,
				E7B3080C16CD3A6200AFB34D /* Products */,
				E7129E8616D6374A002AD763 /* Podfile */,
				5F8113C42E954DF99FF85436 /* Pods.xcconfig */,
			);
			sourceTree = "<group>";
		};
		E7B3080C16CD3A6200AFB34D /* Products */ = {
			isa = PBXGroup;
			children = (
				E7B3080B16CD3A6200AFB34D /* libKKITunesSearch.a */,
				E7B3081C16CD3A6200AFB34D /* KKITunesSearchTests.octest */,
			);
			name = Products;
			sourceTree = "<group>";
		};
		E7B3080D16CD3A6200AFB34D /* Frameworks */ = {
			isa = PBXGroup;
			children = (
				E748143816DBA9D8009230F0 /* StoreKit.framework */,
				E7B3080E16CD3A6200AFB34D /* Foundation.framework */,
				E7B3081D16CD3A6200AFB34D /* SenTestingKit.framework */,
				E7B3081F16CD3A6200AFB34D /* UIKit.framework */,
				5EB97B9ADB214257AAEB4E4F /* libPods.a */,
			);
			name = Frameworks;
			sourceTree = "<group>";
		};
		E7B3081016CD3A6200AFB34D /* KKITunesSearch */ = {
			isa = PBXGroup;
			children = (
				E748140416DBA170009230F0 /* Classes */,
				E748140716DBA170009230F0 /* Controllers */,
				E748140B16DBA170009230F0 /* Models */,
				E7B3081116CD3A6200AFB34D /* Supporting Files */,
				E791851A16E4FF8C00761D75 /* Resources */,
			);
			path = KKITunesSearch;
			sourceTree = "<group>";
		};
		E7B3081116CD3A6200AFB34D /* Supporting Files */ = {
			isa = PBXGroup;
			children = (
				E71AC18316CE7C5E00605B29 /* KKITunesSearch-Prefix.pch */,
			);
			name = "Supporting Files";
			sourceTree = "<group>";
		};
		E7B3082516CD3A6200AFB34D /* KKITunesSearchTests */ = {
			isa = PBXGroup;
			children = (
				E7B3082B16CD3A6200AFB34D /* KKITunesSearchTests.h */,
				E7B3082C16CD3A6200AFB34D /* KKITunesSearchTests.m */,
				E7B3082616CD3A6200AFB34D /* Supporting Files */,
			);
			path = KKITunesSearchTests;
			sourceTree = "<group>";
		};
		E7B3082616CD3A6200AFB34D /* Supporting Files */ = {
			isa = PBXGroup;
			children = (
				E7B3082716CD3A6200AFB34D /* KKITunesSearchTests-Info.plist */,
				E7B3082816CD3A6200AFB34D /* InfoPlist.strings */,
			);
			name = "Supporting Files";
			sourceTree = "<group>";
		};
/* End PBXGroup section */

/* Begin PBXNativeTarget section */
		E7B3080A16CD3A6200AFB34D /* KKITunesSearch */ = {
			isa = PBXNativeTarget;
			buildConfigurationList = E7B3083016CD3A6200AFB34D /* Build configuration list for PBXNativeTarget "KKITunesSearch" */;
			buildPhases = (
				E7B3080716CD3A6200AFB34D /* Sources */,
				E7B3080816CD3A6200AFB34D /* Frameworks */,
				E7B3080916CD3A6200AFB34D /* CopyFiles */,
				80B9815037414DCD98C43C9F /* Copy Pods Resources */,
			);
			buildRules = (
			);
			dependencies = (
			);
			name = KKITunesSearch;
			productName = KKITunesSearch;
			productReference = E7B3080B16CD3A6200AFB34D /* libKKITunesSearch.a */;
			productType = "com.apple.product-type.library.static";
		};
		E7B3081B16CD3A6200AFB34D /* KKITunesSearchTests */ = {
			isa = PBXNativeTarget;
			buildConfigurationList = E7B3083316CD3A6200AFB34D /* Build configuration list for PBXNativeTarget "KKITunesSearchTests" */;
			buildPhases = (
				E7B3081716CD3A6200AFB34D /* Sources */,
				E7B3081816CD3A6200AFB34D /* Frameworks */,
				E7B3081916CD3A6200AFB34D /* Resources */,
				E7B3081A16CD3A6200AFB34D /* ShellScript */,
			);
			buildRules = (
			);
			dependencies = (
				E7B3082316CD3A6200AFB34D /* PBXTargetDependency */,
			);
			name = KKITunesSearchTests;
			productName = KKITunesSearchTests;
			productReference = E7B3081C16CD3A6200AFB34D /* KKITunesSearchTests.octest */;
			productType = "com.apple.product-type.bundle";
		};
/* End PBXNativeTarget section */

/* Begin PBXProject section */
		E7B3080216CD3A6200AFB34D /* Project object */ = {
			isa = PBXProject;
			attributes = {
				LastUpgradeCheck = 0450;
				ORGANIZATIONNAME = Kimkode;
			};
			buildConfigurationList = E7B3080516CD3A6200AFB34D /* Build configuration list for PBXProject "KKITunesSearch" */;
			compatibilityVersion = "Xcode 3.2";
			developmentRegion = English;
			hasScannedForEncodings = 0;
			knownRegions = (
				en,
			);
			mainGroup = E7B3080016CD3A6200AFB34D;
			productRefGroup = E7B3080C16CD3A6200AFB34D /* Products */;
			projectDirPath = "";
			projectRoot = "";
			targets = (
				E7B3080A16CD3A6200AFB34D /* KKITunesSearch */,
				E7B3081B16CD3A6200AFB34D /* KKITunesSearchTests */,
			);
		};
/* End PBXProject section */

/* Begin PBXResourcesBuildPhase section */
		E7B3081916CD3A6200AFB34D /* Resources */ = {
			isa = PBXResourcesBuildPhase;
			buildActionMask = 2147483647;
			files = (
				E7B3082A16CD3A6200AFB34D /* InfoPlist.strings in Resources */,
			);
			runOnlyForDeploymentPostprocessing = 0;
		};
/* End PBXResourcesBuildPhase section */

/* Begin PBXShellScriptBuildPhase section */
		80B9815037414DCD98C43C9F /* Copy Pods Resources */ = {
			isa = PBXShellScriptBuildPhase;
			buildActionMask = 2147483647;
			files = (
			);
			inputPaths = (
			);
			name = "Copy Pods Resources";
			outputPaths = (
			);
			runOnlyForDeploymentPostprocessing = 0;
			shellPath = /bin/sh;
			shellScript = "\"${SRCROOT}/Pods/Pods-resources.sh\"\n";
		};
		E7B3081A16CD3A6200AFB34D /* ShellScript */ = {
			isa = PBXShellScriptBuildPhase;
			buildActionMask = 2147483647;
			files = (
			);
			inputPaths = (
			);
			outputPaths = (
			);
			runOnlyForDeploymentPostprocessing = 0;
			shellPath = /bin/sh;
			shellScript = "# Run the unit tests in this test bundle.\n\"${SYSTEM_DEVELOPER_DIR}/Tools/RunUnitTests\"\n";
		};
/* End PBXShellScriptBuildPhase section */

/* Begin PBXSourcesBuildPhase section */
		E7B3080716CD3A6200AFB34D /* Sources */ = {
			isa = PBXSourcesBuildPhase;
			buildActionMask = 2147483647;
			files = (
				E748141416DBA170009230F0 /* KKITunesSearch.m in Sources */,
				E748141616DBA170009230F0 /* KKITunesAppProduct.m in Sources */,
				E748141716DBA170009230F0 /* KKITunesMusicProduct.m in Sources */,
				E748141816DBA170009230F0 /* KKITunesProduct.m in Sources */,
				E748141916DBA170009230F0 /* KKITunesProductsCollection.m in Sources */,
				E748143D16DD2110009230F0 /* KKITunesMovieProduct.m in Sources */,
				E73C430816DE4B4A0072130B /* KKITunesBookProduct.m in Sources */,
			);
			runOnlyForDeploymentPostprocessing = 0;
		};
		E7B3081716CD3A6200AFB34D /* Sources */ = {
			isa = PBXSourcesBuildPhase;
			buildActionMask = 2147483647;
			files = (
				E7B3082D16CD3A6200AFB34D /* KKITunesSearchTests.m in Sources */,
			);
			runOnlyForDeploymentPostprocessing = 0;
		};
/* End PBXSourcesBuildPhase section */

/* Begin PBXTargetDependency section */
		E7B3082316CD3A6200AFB34D /* PBXTargetDependency */ = {
			isa = PBXTargetDependency;
			target = E7B3080A16CD3A6200AFB34D /* KKITunesSearch */;
			targetProxy = E7B3082216CD3A6200AFB34D /* PBXContainerItemProxy */;
		};
/* End PBXTargetDependency section */

/* Begin PBXVariantGroup section */
		E7B3082816CD3A6200AFB34D /* InfoPlist.strings */ = {
			isa = PBXVariantGroup;
			children = (
				E7B3082916CD3A6200AFB34D /* en */,
			);
			name = InfoPlist.strings;
			sourceTree = "<group>";
		};
/* End PBXVariantGroup section */

/* Begin XCBuildConfiguration section */
		E7B3082E16CD3A6200AFB34D /* Debug */ = {
			isa = XCBuildConfiguration;
			buildSettings = {
				ALWAYS_SEARCH_USER_PATHS = NO;
				CLANG_CXX_LANGUAGE_STANDARD = "gnu++0x";
				CLANG_CXX_LIBRARY = "libc++";
				CLANG_ENABLE_OBJC_ARC = YES;
				CLANG_WARN_EMPTY_BODY = YES;
				CLANG_WARN__DUPLICATE_METHOD_MATCH = YES;
				COPY_PHASE_STRIP = NO;
				GCC_C_LANGUAGE_STANDARD = gnu99;
				GCC_DYNAMIC_NO_PIC = NO;
				GCC_OPTIMIZATION_LEVEL = 0;
				GCC_PREPROCESSOR_DEFINITIONS = (
					"DEBUG=1",
					"$(inherited)",
				);
				GCC_SYMBOLS_PRIVATE_EXTERN = NO;
				GCC_WARN_ABOUT_RETURN_TYPE = YES;
				GCC_WARN_UNINITIALIZED_AUTOS = YES;
				GCC_WARN_UNUSED_VARIABLE = YES;
				IPHONEOS_DEPLOYMENT_TARGET = 6.0;
				ONLY_ACTIVE_ARCH = YES;
				OTHER_LDFLAGS = "";
				SDKROOT = iphoneos;
			};
			name = Debug;
		};
		E7B3082F16CD3A6200AFB34D /* Release */ = {
			isa = XCBuildConfiguration;
			buildSettings = {
				ALWAYS_SEARCH_USER_PATHS = NO;
				CLANG_CXX_LANGUAGE_STANDARD = "gnu++0x";
				CLANG_CXX_LIBRARY = "libc++";
				CLANG_ENABLE_OBJC_ARC = YES;
				CLANG_WARN_EMPTY_BODY = YES;
				CLANG_WARN__DUPLICATE_METHOD_MATCH = YES;
				COPY_PHASE_STRIP = YES;
				GCC_C_LANGUAGE_STANDARD = gnu99;
				GCC_WARN_ABOUT_RETURN_TYPE = YES;
				GCC_WARN_UNINITIALIZED_AUTOS = YES;
				GCC_WARN_UNUSED_VARIABLE = YES;
				IPHONEOS_DEPLOYMENT_TARGET = 6.0;
				OTHER_LDFLAGS = "";
				SDKROOT = iphoneos;
				VALIDATE_PRODUCT = YES;
			};
			name = Release;
		};
		E7B3083116CD3A6200AFB34D /* Debug */ = {
			isa = XCBuildConfiguration;
			baseConfigurationReference = 5F8113C42E954DF99FF85436 /* Pods.xcconfig */;
			buildSettings = {
				DSTROOT = /tmp/KKITunesSearch.dst;
				GCC_PRECOMPILE_PREFIX_HEADER = YES;
				GCC_PREFIX_HEADER = "KKITunesSearch-Prefix.pch";
				OTHER_LDFLAGS = "-ObjC";
				PRODUCT_NAME = "$(TARGET_NAME)";
				SKIP_INSTALL = YES;
			};
			name = Debug;
		};
		E7B3083216CD3A6200AFB34D /* Release */ = {
			isa = XCBuildConfiguration;
			baseConfigurationReference = 5F8113C42E954DF99FF85436 /* Pods.xcconfig */;
			buildSettings = {
				DSTROOT = /tmp/KKITunesSearch.dst;
				GCC_PRECOMPILE_PREFIX_HEADER = YES;
				GCC_PREFIX_HEADER = "KKITunesSearch-Prefix.pch";
				OTHER_LDFLAGS = "-ObjC";
				PRODUCT_NAME = "$(TARGET_NAME)";
				SKIP_INSTALL = YES;
			};
			name = Release;
		};
		E7B3083416CD3A6200AFB34D /* Debug */ = {
			isa = XCBuildConfiguration;
			baseConfigurationReference = 5F8113C42E954DF99FF85436 /* Pods.xcconfig */;
			buildSettings = {
				FRAMEWORK_SEARCH_PATHS = (
					"\"$(SDKROOT)/Developer/Library/Frameworks\"",
					"\"$(DEVELOPER_LIBRARY_DIR)/Frameworks\"",
				);
				GCC_PRECOMPILE_PREFIX_HEADER = YES;
				GCC_PREFIX_HEADER = "KKITunesSearch-Prefix.pch";
				INFOPLIST_FILE = "KKITunesSearchTests/KKITunesSearchTests-Info.plist";
				PRODUCT_NAME = "$(TARGET_NAME)";
				WRAPPER_EXTENSION = octest;
			};
			name = Debug;
		};
		E7B3083516CD3A6200AFB34D /* Release */ = {
			isa = XCBuildConfiguration;
			buildSettings = {
				FRAMEWORK_SEARCH_PATHS = (
					"\"$(SDKROOT)/Developer/Library/Frameworks\"",
					"\"$(DEVELOPER_LIBRARY_DIR)/Frameworks\"",
				);
				GCC_PRECOMPILE_PREFIX_HEADER = YES;
				GCC_PREFIX_HEADER = "KKITunesSearch-Prefix.pch";
				INFOPLIST_FILE = "KKITunesSearchTests/KKITunesSearchTests-Info.plist";
				PRODUCT_NAME = "$(TARGET_NAME)";
				WRAPPER_EXTENSION = octest;
			};
			name = Release;
		};
/* End XCBuildConfiguration section */

/* Begin XCConfigurationList section */
		E7B3080516CD3A6200AFB34D /* Build configuration list for PBXProject "KKITunesSearch" */ = {
			isa = XCConfigurationList;
			buildConfigurations = (
				E7B3082E16CD3A6200AFB34D /* Debug */,
				E7B3082F16CD3A6200AFB34D /* Release */,
			);
			defaultConfigurationIsVisible = 0;
			defaultConfigurationName = Release;
		};
		E7B3083016CD3A6200AFB34D /* Build configuration list for PBXNativeTarget "KKITunesSearch" */ = {
			isa = XCConfigurationList;
			buildConfigurations = (
				E7B3083116CD3A6200AFB34D /* Debug */,
				E7B3083216CD3A6200AFB34D /* Release */,
			);
			defaultConfigurationIsVisible = 0;
			defaultConfigurationName = Release;
		};
		E7B3083316CD3A6200AFB34D /* Build configuration list for PBXNativeTarget "KKITunesSearchTests" */ = {
			isa = XCConfigurationList;
			buildConfigurations = (
				E7B3083416CD3A6200AFB34D /* Debug */,
				E7B3083516CD3A6200AFB34D /* Release */,
			);
			defaultConfigurationIsVisible = 0;
			defaultConfigurationName = Release;
		};
/* End XCConfigurationList section */
	};
	rootObject = E7B3080216CD3A6200AFB34D /* Project object */;
}
